
Microsoft Visual Studio Solution File, Format Version 12.00
# Visual Studio Version 16
VisualStudioVersion = 16.0.29409.12
MinimumVisualStudioVersion = 10.0.40219.1
Project("{FAE04EC0-301F-11D3-BF4B-00C04F79EFBC}") = "KeyboardLightsFun", "KeyboardLightsFun\KeyboardLightsFun.csproj", "{8CE5DFE0-4893-4C93-99A4-9A5A8A9495A2}"
EndProject
Project("{FAE04EC0-301F-11D3-BF4B-00C04F79EFBC}") = "KeyboardLightsFunCore", "KeyboardLightsFunCore\KeyboardLightsFunCore.csproj", "{7E0F9807-BA1A-435C-A203-94AA593111E8}"
EndProject
Global
	GlobalSection(SolutionConfigurationPlatforms) = preSolution
		Debug|Any CPU = Debug|Any CPU
		Release|Any CPU = Release|Any CPU
	EndGlobalSection
	GlobalSection(ProjectConfigurationPlatforms) = postSolution
		{8CE5DFE0-4893-4C93-99A4-9A5A8A9495A2}.Debug|Any CPU.ActiveCfg = Debug|Any CPU
		{8CE5DFE0-4893-4C93-99A4-9A5A8A9495A2}.Debug|Any CPU.Build.0 = Debug|Any CPU
		{8CE5DFE0-4893-4C93-99A4-9A5A8A9495A2}.Release|Any CPU.ActiveCfg = Release|Any CPU
		{8CE5DFE0-4893-4C93-99A4-9A5A8A9495A2}.Release|Any CPU.Build.0 = Release|Any CPU
		{7E0F9807-BA1A-435C-A203-94AA593111E8}.Debug|Any CPU.ActiveCfg = Debug|Any CPU
		{7E0F9807-BA1A-435C-A203-94AA593111E8}.Debug|Any CPU.Build.0 = Debug|Any CPU
		{7E0F9807-BA1A-435C-A203-94AA593111E8}.Release|Any CPU.ActiveCfg = Release|Any CPU
		{7E0F9807-BA1A-435C-A203-94AA593111E8}.Release|Any CPU.Build.0 = Release|Any CPU
	EndGlobalSection
	GlobalSection(SolutionProperties) = preSolution
		HideSolutionNode = FALSE
	EndGlobalSection
	GlobalSection(ExtensibilityGlobals) = postSolution
		SolutionGuid = {E19EF925-6CC7-4F6A-B82D-C91A5AD56600}
	EndGlobalSection
EndGlobal
